{
  "version": 3,
  "targets": {
    "net5.0-windows7.0": {
      "HotkeyListener/1.9.0": {
        "type": "package",
        "compile": {
          "lib/net40/HotkeyListener.dll": {}
        },
        "runtime": {
          "lib/net40/HotkeyListener.dll": {}
        }
      }
    }
  },
  "libraries": {
    "HotkeyListener/1.9.0": {
      "sha512": "6EwC4ZIURdzsAkryBCjaeVQO4RxTdKPOu7QNpissOd9qqLohlovFD9s9MBVaFbrDgRU6Y6vtTnZxIFCRidCH/A==",
      "type": "package",
      "path": "hotkeylistener/1.9.0",
      "files": [
        ".nupkg.metadata",
        ".signature.p7s",
        "assets/hotkey-listener-icon.png",
        "hotkeylistener.1.9.0.nupkg.sha512",
        "hotkeylistener.nuspec",
        "lib/net40/HotkeyListener.dll",
        "lib/net40/HotkeyListener.xml"
      ]
    }
  },
  "projectFileDependencyGroups": {
    "net5.0-windows7.0": [
      "HotkeyListener >= 1.9.0"
    ]
  },
  "packageFolders": {
    "C:\\Users\\Foxpa\\.nuget\\packages\\": {}
  },
  "project": {
    "version": "1.0.0",
    "restore": {
      "projectUniqueName": "C:\\Users\\Foxpa\\source\\repos\\CleanLock Keys\\CleanLock Keys\\CleanLock Keys.csproj",
      "projectName": "CleanLock Keys",
      "projectPath": "C:\\Users\\Foxpa\\source\\repos\\CleanLock Keys\\CleanLock Keys\\CleanLock Keys.csproj",
      "packagesPath": "C:\\Users\\Foxpa\\.nuget\\packages\\",
      "outputPath": "C:\\Users\\Foxpa\\source\\repos\\CleanLock Keys\\CleanLock Keys\\obj\\",
      "projectStyle": "PackageReference",
      "configFilePaths": [
        "C:\\Users\\Foxpa\\AppData\\Roaming\\NuGet\\NuGet.Config",
        "C:\\Program Files (x86)\\NuGet\\Config\\Microsoft.VisualStudio.Offline.config"
      ],
      "originalTargetFrameworks": [
        "net5.0-windows7.0"
      ],
      "sources": {
        "C:\\Program Files (x86)\\Microsoft SDKs\\NuGetPackages\\": {},
        "https://api.nuget.org/v3/index.json": {}
      },
      "frameworks": {
        "net5.0-windows7.0": {
          "targetAlias": "net5.0-windows",
          "projectReferences": {}
        }
      },
      "warningProperties": {
        "warnAsError": [
          "NU1605"
        ]
      }
    },
    "frameworks": {
      "net5.0-windows7.0": {
        "targetAlias": "net5.0-windows",
        "dependencies": {
          "HotkeyListener": {
            "target": "Package",
            "version": "[1.9.0, )"
          }
        },
        "imports": [
          "net461",
          "net462",
          "net47",
          "net471",
          "net472",
          "net48"
        ],
        "assetTargetFallback": true,
        "warn": true,
        "frameworkReferences": {
          "Microsoft.NETCore.App": {
            "privateAssets": "all"
          },
          "Microsoft.WindowsDesktop.App.WindowsForms": {
            "privateAssets": "none"
          }
        },
        "runtimeIdentifierGraphPath": "C:\\Program Files\\dotnet\\sdk\\5.0.102\\RuntimeIdentifierGraph.json"
      }
    }
  },
  "logs": [
    {
      "code": "NU1701",
      "level": "Warning",
      "warningLevel": 1,
      "message": "Package 'HotkeyListener 1.9.0' was restored using '.NETFramework,Version=v4.6.1, .NETFramework,Version=v4.6.2, .NETFramework,Version=v4.7, .NETFramework,Version=v4.7.1, .NETFramework,Version=v4.7.2, .NETFramework,Version=v4.8' instead of the project target framework 'net5.0-windows7.0'. This package may not be fully compatible with your project.",
      "libraryId": "HotkeyListener",
      "targetGraphs": [
        "net5.0-windows7.0"
      ]
    }
  ]
}